
Microsoft Visual Studio Solution File, Format Version 12.00
# Visual Studio Version 17
VisualStudioVersion = 17.0.32014.148
MinimumVisualStudioVersion = 10.0.40219.1
Project("{FAE04EC0-301F-11D3-BF4B-00C04F79EFBC}") = "ex1-2-DBConnection", "Ado-Net-ex.1\ex1-2-DBConnection.csproj", "{8D6D663D-377C-4958-AE19-9847F27FBF25}"
EndProject
Project("{FAE04EC0-301F-11D3-BF4B-00C04F79EFBC}") = "ex3-DBCommand", "DBCommand\ex3-DBCommand.csproj", "{6CDEB777-4C96-4A16-890C-43C700EA3085}"
EndProject
Project("{FAE04EC0-301F-11D3-BF4B-00C04F79EFBC}") = "ex4-1-DatasetDesigner", "ex4-DatasetDesigner\ex4-1-DatasetDesigner.csproj", "{AEB85413-9D7D-4977-8859-914AC4633F7E}"
EndProject
Project("{FAE04EC0-301F-11D3-BF4B-00C04F79EFBC}") = "ex4-2-CreatingDataTable", "ex4-CreatingDataTable\ex4-2-CreatingDataTable.csproj", "{0B5D1B68-93D9-4D63-99CD-84DEE8E819B0}"
EndProject
Project("{FAE04EC0-301F-11D3-BF4B-00C04F79EFBC}") = "ex4-3-DataAdapterProgram", "ex4-DataAdapterProgram\ex4-3-DataAdapterProgram.csproj", "{8A3B95BD-5787-4818-9670-A75320FC6385}"
EndProject
Project("{FAE04EC0-301F-11D3-BF4B-00C04F79EFBC}") = "ex4-4-DataAdapterWizard", "ex4-4-DataAdapterWizard\ex4-4-DataAdapterWizard.csproj", "{D7654363-F850-400C-9DBA-7D02C0C7B358}"
EndProject
Project("{FAE04EC0-301F-11D3-BF4B-00C04F79EFBC}") = "ex-4-5-WorkingDataTable", "ex-4-5-WorkingDataTable\ex-4-5-WorkingDataTable.csproj", "{375C3C2E-4E37-4DC7-A9BC-8FF9AACE3206}"
EndProject
Project("{FAE04EC0-301F-11D3-BF4B-00C04F79EFBC}") = "ex4-6-DataViewExample", "ex4-6-DataViewExample\ex4-6-DataViewExample.csproj", "{97DCA5CC-93B0-4CEF-92B4-E217375957D7}"
EndProject
Project("{FAE04EC0-301F-11D3-BF4B-00C04F79EFBC}") = "ex5-1-DataSourcesWizard", "ex5-DataSourcesWizard\ex5-1-DataSourcesWizard.csproj", "{A4973482-9B46-481A-9004-EC1B0DC684DF}"
EndProject
Project("{FAE04EC0-301F-11D3-BF4B-00C04F79EFBC}") = "ex-5-2-DataBindingSimple", "ex-5-2-DataBindingSimple\ex-5-2-DataBindingSimple.csproj", "{7F7F04CF-7C13-4064-86FF-CCCA6F72A577}"
EndProject
Project("{FAE04EC0-301F-11D3-BF4B-00C04F79EFBC}") = "ex-5-3-DataBindingComplex", "ex-5-3-DataBindingComplex\ex-5-3-DataBindingComplex.csproj", "{37500B9F-344E-4D43-A4D0-9117443D073E}"
EndProject
Project("{FAE04EC0-301F-11D3-BF4B-00C04F79EFBC}") = "ex-5-4-DataGridViewExample", "ex-5-4-DataGridViewExample\ex-5-4-DataGridViewExample.csproj", "{DCEF08D1-C096-4FBD-931B-BCBAA6A5B01B}"
EndProject
Project("{FAE04EC0-301F-11D3-BF4B-00C04F79EFBC}") = "ex-6-1-SavingDataSetXml", "ex-6-1-SavingDataSetXml\ex-6-1-SavingDataSetXml.csproj", "{27E3CED5-D2A0-4E42-B596-5A2B58369D5C}"
EndProject
Project("{FAE04EC0-301F-11D3-BF4B-00C04F79EFBC}") = "ex-6-2-LoadDataSetXml-2", "ex-6-2-LoadDataSetXml-2\ex-6-2-LoadDataSetXml-2.csproj", "{D2917C7A-7329-42B5-A30D-50C78769070A}"
EndProject
Project("{9A19103F-16F7-4668-BE54-9A1E7A4F7556}") = "ex-7-Linq_Student", "ex-7-1-Linq_Student-3\ex-7-Linq_Student.csproj", "{2A1E2AEE-1264-472A-88D4-2B9483AA5544}"
EndProject
Project("{FAE04EC0-301F-11D3-BF4B-00C04F79EFBC}") = "ex-8.1-8.2-LINQsql", "ex-8-LINQsql_1\ex-8.1-8.2-LINQsql.csproj", "{929D9DAB-D0BA-4F40-B03F-E3C2CD2A2F05}"
EndProject
Project("{FAE04EC0-301F-11D3-BF4B-00C04F79EFBC}") = "ex-8-3-LINQsqlSproc", "ex-8-3-LINQsqlSproc\ex-8-3-LINQsqlSproc.csproj", "{D1111CD6-5D8A-4CF2-BF46-05FA451B7522}"
EndProject
Project("{FAE04EC0-301F-11D3-BF4B-00C04F79EFBC}") = "ex-8-4-LINQsql_m", "ex-8-4-LINQsql_m\ex-8-4-LINQsql_m.csproj", "{0464C9E0-6AF8-4DEA-9C62-1BB4A36682D5}"
EndProject
Project("{FAE04EC0-301F-11D3-BF4B-00C04F79EFBC}") = "ex-9-1-CourseManager", "ex-9-1-CourseManager\ex-9-1-CourseManager.csproj", "{ECC0058E-D16C-4CF1-A9D9-71F1ED8A5870}"
EndProject
Global
	GlobalSection(SolutionConfigurationPlatforms) = preSolution
		Debug|Any CPU = Debug|Any CPU
		Release|Any CPU = Release|Any CPU
	EndGlobalSection
	GlobalSection(ProjectConfigurationPlatforms) = postSolution
		{8D6D663D-377C-4958-AE19-9847F27FBF25}.Debug|Any CPU.ActiveCfg = Debug|Any CPU
		{8D6D663D-377C-4958-AE19-9847F27FBF25}.Debug|Any CPU.Build.0 = Debug|Any CPU
		{8D6D663D-377C-4958-AE19-9847F27FBF25}.Release|Any CPU.ActiveCfg = Release|Any CPU
		{8D6D663D-377C-4958-AE19-9847F27FBF25}.Release|Any CPU.Build.0 = Release|Any CPU
		{6CDEB777-4C96-4A16-890C-43C700EA3085}.Debug|Any CPU.ActiveCfg = Debug|Any CPU
		{6CDEB777-4C96-4A16-890C-43C700EA3085}.Debug|Any CPU.Build.0 = Debug|Any CPU
		{6CDEB777-4C96-4A16-890C-43C700EA3085}.Release|Any CPU.ActiveCfg = Release|Any CPU
		{6CDEB777-4C96-4A16-890C-43C700EA3085}.Release|Any CPU.Build.0 = Release|Any CPU
		{AEB85413-9D7D-4977-8859-914AC4633F7E}.Debug|Any CPU.ActiveCfg = Debug|Any CPU
		{AEB85413-9D7D-4977-8859-914AC4633F7E}.Debug|Any CPU.Build.0 = Debug|Any CPU
		{AEB85413-9D7D-4977-8859-914AC4633F7E}.Release|Any CPU.ActiveCfg = Release|Any CPU
		{AEB85413-9D7D-4977-8859-914AC4633F7E}.Release|Any CPU.Build.0 = Release|Any CPU
		{0B5D1B68-93D9-4D63-99CD-84DEE8E819B0}.Debug|Any CPU.ActiveCfg = Debug|Any CPU
		{0B5D1B68-93D9-4D63-99CD-84DEE8E819B0}.Debug|Any CPU.Build.0 = Debug|Any CPU
		{0B5D1B68-93D9-4D63-99CD-84DEE8E819B0}.Release|Any CPU.ActiveCfg = Release|Any CPU
		{0B5D1B68-93D9-4D63-99CD-84DEE8E819B0}.Release|Any CPU.Build.0 = Release|Any CPU
		{8A3B95BD-5787-4818-9670-A75320FC6385}.Debug|Any CPU.ActiveCfg = Debug|Any CPU
		{8A3B95BD-5787-4818-9670-A75320FC6385}.Debug|Any CPU.Build.0 = Debug|Any CPU
		{8A3B95BD-5787-4818-9670-A75320FC6385}.Release|Any CPU.ActiveCfg = Release|Any CPU
		{8A3B95BD-5787-4818-9670-A75320FC6385}.Release|Any CPU.Build.0 = Release|Any CPU
		{D7654363-F850-400C-9DBA-7D02C0C7B358}.Debug|Any CPU.ActiveCfg = Debug|Any CPU
		{D7654363-F850-400C-9DBA-7D02C0C7B358}.Debug|Any CPU.Build.0 = Debug|Any CPU
		{D7654363-F850-400C-9DBA-7D02C0C7B358}.Release|Any CPU.ActiveCfg = Release|Any CPU
		{D7654363-F850-400C-9DBA-7D02C0C7B358}.Release|Any CPU.Build.0 = Release|Any CPU
		{375C3C2E-4E37-4DC7-A9BC-8FF9AACE3206}.Debug|Any CPU.ActiveCfg = Debug|Any CPU
		{375C3C2E-4E37-4DC7-A9BC-8FF9AACE3206}.Debug|Any CPU.Build.0 = Debug|Any CPU
		{375C3C2E-4E37-4DC7-A9BC-8FF9AACE3206}.Release|Any CPU.ActiveCfg = Release|Any CPU
		{375C3C2E-4E37-4DC7-A9BC-8FF9AACE3206}.Release|Any CPU.Build.0 = Release|Any CPU
		{97DCA5CC-93B0-4CEF-92B4-E217375957D7}.Debug|Any CPU.ActiveCfg = Debug|Any CPU
		{97DCA5CC-93B0-4CEF-92B4-E217375957D7}.Debug|Any CPU.Build.0 = Debug|Any CPU
		{97DCA5CC-93B0-4CEF-92B4-E217375957D7}.Release|Any CPU.ActiveCfg = Release|Any CPU
		{97DCA5CC-93B0-4CEF-92B4-E217375957D7}.Release|Any CPU.Build.0 = Release|Any CPU
		{A4973482-9B46-481A-9004-EC1B0DC684DF}.Debug|Any CPU.ActiveCfg = Debug|Any CPU
		{A4973482-9B46-481A-9004-EC1B0DC684DF}.Debug|Any CPU.Build.0 = Debug|Any CPU
		{A4973482-9B46-481A-9004-EC1B0DC684DF}.Release|Any CPU.ActiveCfg = Release|Any CPU
		{A4973482-9B46-481A-9004-EC1B0DC684DF}.Release|Any CPU.Build.0 = Release|Any CPU
		{7F7F04CF-7C13-4064-86FF-CCCA6F72A577}.Debug|Any CPU.ActiveCfg = Debug|Any CPU
		{7F7F04CF-7C13-4064-86FF-CCCA6F72A577}.Debug|Any CPU.Build.0 = Debug|Any CPU
		{7F7F04CF-7C13-4064-86FF-CCCA6F72A577}.Release|Any CPU.ActiveCfg = Release|Any CPU
		{7F7F04CF-7C13-4064-86FF-CCCA6F72A577}.Release|Any CPU.Build.0 = Release|Any CPU
		{37500B9F-344E-4D43-A4D0-9117443D073E}.Debug|Any CPU.ActiveCfg = Debug|Any CPU
		{37500B9F-344E-4D43-A4D0-9117443D073E}.Debug|Any CPU.Build.0 = Debug|Any CPU
		{37500B9F-344E-4D43-A4D0-9117443D073E}.Release|Any CPU.ActiveCfg = Release|Any CPU
		{37500B9F-344E-4D43-A4D0-9117443D073E}.Release|Any CPU.Build.0 = Release|Any CPU
		{DCEF08D1-C096-4FBD-931B-BCBAA6A5B01B}.Debug|Any CPU.ActiveCfg = Debug|Any CPU
		{DCEF08D1-C096-4FBD-931B-BCBAA6A5B01B}.Debug|Any CPU.Build.0 = Debug|Any CPU
		{DCEF08D1-C096-4FBD-931B-BCBAA6A5B01B}.Release|Any CPU.ActiveCfg = Release|Any CPU
		{DCEF08D1-C096-4FBD-931B-BCBAA6A5B01B}.Release|Any CPU.Build.0 = Release|Any CPU
		{27E3CED5-D2A0-4E42-B596-5A2B58369D5C}.Debug|Any CPU.ActiveCfg = Debug|Any CPU
		{27E3CED5-D2A0-4E42-B596-5A2B58369D5C}.Debug|Any CPU.Build.0 = Debug|Any CPU
		{27E3CED5-D2A0-4E42-B596-5A2B58369D5C}.Release|Any CPU.ActiveCfg = Release|Any CPU
		{27E3CED5-D2A0-4E42-B596-5A2B58369D5C}.Release|Any CPU.Build.0 = Release|Any CPU
		{D2917C7A-7329-42B5-A30D-50C78769070A}.Debug|Any CPU.ActiveCfg = Debug|Any CPU
		{D2917C7A-7329-42B5-A30D-50C78769070A}.Debug|Any CPU.Build.0 = Debug|Any CPU
		{D2917C7A-7329-42B5-A30D-50C78769070A}.Release|Any CPU.ActiveCfg = Release|Any CPU
		{D2917C7A-7329-42B5-A30D-50C78769070A}.Release|Any CPU.Build.0 = Release|Any CPU
		{2A1E2AEE-1264-472A-88D4-2B9483AA5544}.Debug|Any CPU.ActiveCfg = Debug|Any CPU
		{2A1E2AEE-1264-472A-88D4-2B9483AA5544}.Debug|Any CPU.Build.0 = Debug|Any CPU
		{2A1E2AEE-1264-472A-88D4-2B9483AA5544}.Release|Any CPU.ActiveCfg = Release|Any CPU
		{2A1E2AEE-1264-472A-88D4-2B9483AA5544}.Release|Any CPU.Build.0 = Release|Any CPU
		{929D9DAB-D0BA-4F40-B03F-E3C2CD2A2F05}.Debug|Any CPU.ActiveCfg = Debug|Any CPU
		{929D9DAB-D0BA-4F40-B03F-E3C2CD2A2F05}.Debug|Any CPU.Build.0 = Debug|Any CPU
		{929D9DAB-D0BA-4F40-B03F-E3C2CD2A2F05}.Release|Any CPU.ActiveCfg = Release|Any CPU
		{929D9DAB-D0BA-4F40-B03F-E3C2CD2A2F05}.Release|Any CPU.Build.0 = Release|Any CPU
		{D1111CD6-5D8A-4CF2-BF46-05FA451B7522}.Debug|Any CPU.ActiveCfg = Debug|Any CPU
		{D1111CD6-5D8A-4CF2-BF46-05FA451B7522}.Debug|Any CPU.Build.0 = Debug|Any CPU
		{D1111CD6-5D8A-4CF2-BF46-05FA451B7522}.Release|Any CPU.ActiveCfg = Release|Any CPU
		{D1111CD6-5D8A-4CF2-BF46-05FA451B7522}.Release|Any CPU.Build.0 = Release|Any CPU
		{0464C9E0-6AF8-4DEA-9C62-1BB4A36682D5}.Debug|Any CPU.ActiveCfg = Debug|Any CPU
		{0464C9E0-6AF8-4DEA-9C62-1BB4A36682D5}.Debug|Any CPU.Build.0 = Debug|Any CPU
		{0464C9E0-6AF8-4DEA-9C62-1BB4A36682D5}.Release|Any CPU.ActiveCfg = Release|Any CPU
		{0464C9E0-6AF8-4DEA-9C62-1BB4A36682D5}.Release|Any CPU.Build.0 = Release|Any CPU
		{ECC0058E-D16C-4CF1-A9D9-71F1ED8A5870}.Debug|Any CPU.ActiveCfg = Debug|Any CPU
		{ECC0058E-D16C-4CF1-A9D9-71F1ED8A5870}.Debug|Any CPU.Build.0 = Debug|Any CPU
		{ECC0058E-D16C-4CF1-A9D9-71F1ED8A5870}.Release|Any CPU.ActiveCfg = Release|Any CPU
		{ECC0058E-D16C-4CF1-A9D9-71F1ED8A5870}.Release|Any CPU.Build.0 = Release|Any CPU
	EndGlobalSection
	GlobalSection(SolutionProperties) = preSolution
		HideSolutionNode = FALSE
	EndGlobalSection
	GlobalSection(ExtensibilityGlobals) = postSolution
		SolutionGuid = {B0968107-CF20-419A-B94A-A02B1A622F91}
	EndGlobalSection
EndGlobal
