
Microsoft Visual Studio Solution File, Format Version 12.00
# Visual Studio Version 17
VisualStudioVersion = 17.0.32014.148
MinimumVisualStudioVersion = 10.0.40219.1
Project("{FAE04EC0-301F-11D3-BF4B-00C04F79EFBC}") = "DBConnection", "Ado-Net-ex.1\DBConnection.csproj", "{8D6D663D-377C-4958-AE19-9847F27FBF25}"
EndProject
Global
	GlobalSection(SolutionConfigurationPlatforms) = preSolution
		Debug|Any CPU = Debug|Any CPU
		Release|Any CPU = Release|Any CPU
	EndGlobalSection
	GlobalSection(ProjectConfigurationPlatforms) = postSolution
		{8D6D663D-377C-4958-AE19-9847F27FBF25}.Debug|Any CPU.ActiveCfg = Debug|Any CPU
		{8D6D663D-377C-4958-AE19-9847F27FBF25}.Debug|Any CPU.Build.0 = Debug|Any CPU
		{8D6D663D-377C-4958-AE19-9847F27FBF25}.Release|Any CPU.ActiveCfg = Release|Any CPU
		{8D6D663D-377C-4958-AE19-9847F27FBF25}.Release|Any CPU.Build.0 = Release|Any CPU
	EndGlobalSection
	GlobalSection(SolutionProperties) = preSolution
		HideSolutionNode = FALSE
	EndGlobalSection
	GlobalSection(ExtensibilityGlobals) = postSolution
		SolutionGuid = {B0968107-CF20-419A-B94A-A02B1A622F91}
	EndGlobalSection
EndGlobal
